
Microsoft Visual Studio Solution File, Format Version 12.00
# Visual Studio 15
VisualStudioVersion = 15.0.28307.168
MinimumVisualStudioVersion = 10.0.40219.1
Project("{FAE04EC0-301F-11D3-BF4B-00C04F79EFBC}") = "Music", "Music\Music.csproj", "{CDF88E10-1FD7-4E63-A2DB-BDC1180CAD87}"
EndProject
Global
	GlobalSection(SolutionConfigurationPlatforms) = preSolution
		Debug|Any CPU = Debug|Any CPU
		Release|Any CPU = Release|Any CPU
	EndGlobalSection
	GlobalSection(ProjectConfigurationPlatforms) = postSolution
		{CDF88E10-1FD7-4E63-A2DB-BDC1180CAD87}.Debug|Any CPU.ActiveCfg = Debug|Any CPU
		{CDF88E10-1FD7-4E63-A2DB-BDC1180CAD87}.Debug|Any CPU.Build.0 = Debug|Any CPU
		{CDF88E10-1FD7-4E63-A2DB-BDC1180CAD87}.Release|Any CPU.ActiveCfg = Release|Any CPU
		{CDF88E10-1FD7-4E63-A2DB-BDC1180CAD87}.Release|Any CPU.Build.0 = Release|Any CPU
	EndGlobalSection
	GlobalSection(SolutionProperties) = preSolution
		HideSolutionNode = FALSE
	EndGlobalSection
	GlobalSection(ExtensibilityGlobals) = postSolution
		SolutionGuid = {8D9AEC36-9F4B-48CA-B850-4D3A9B306114}
	EndGlobalSection
EndGlobal
